
Microsoft Visual Studio Solution File, Format Version 12.00
# Visual Studio Version 17
VisualStudioVersion = 17.13.35919.96 d17.13
MinimumVisualStudioVersion = 10.0.40219.1
Project("{FAE04EC0-301F-11D3-BF4B-00C04F79EFBC}") = "Malshinon", "Malshinon.csproj", "{C417265C-73E5-468D-83E0-C55112CFE658}"
EndProject
Global
	GlobalSection(SolutionConfigurationPlatforms) = preSolution
		Debug|Any CPU = Debug|Any CPU
		Release|Any CPU = Release|Any CPU
	EndGlobalSection
	GlobalSection(ProjectConfigurationPlatforms) = postSolution
		{C417265C-73E5-468D-83E0-C55112CFE658}.Debug|Any CPU.ActiveCfg = Debug|Any CPU
		{C417265C-73E5-468D-83E0-C55112CFE658}.Debug|Any CPU.Build.0 = Debug|Any CPU
		{C417265C-73E5-468D-83E0-C55112CFE658}.Release|Any CPU.ActiveCfg = Release|Any CPU
		{C417265C-73E5-468D-83E0-C55112CFE658}.Release|Any CPU.Build.0 = Release|Any CPU
	EndGlobalSection
	GlobalSection(SolutionProperties) = preSolution
		HideSolutionNode = FALSE
	EndGlobalSection
	GlobalSection(ExtensibilityGlobals) = postSolution
		SolutionGuid = {51DC8820-768C-45ED-B249-E2B50C886583}
	EndGlobalSection
EndGlobal
